{
  "name": "content-kit",
  "version": "0.1.0",
  "lockfileVersion": 3,
  "requires": true,
  "packages": {
    "": {
      "name": "content-kit",
      "version": "0.1.0",
      "license": "MIT",
      "bin": {
        "content-kit": "bin/content-kit.mjs"
      },
      "engines": {
        "node": ">=20"
      }
    }
  }
}
